
Microsoft Visual Studio Solution File, Format Version 12.00
# Visual Studio Version 16
VisualStudioVersion = 16.0.30204.135
MinimumVisualStudioVersion = 10.0.40219.1
Project("{FAE04EC0-301F-11D3-BF4B-00C04F79EFBC}") = "Efectura", "Efectura\Efectura.csproj", "{0698A635-4A13-428D-BF6A-1BE304FB67BE}"
EndProject
Global
	GlobalSection(SolutionConfigurationPlatforms) = preSolution
		Debug|Any CPU = Debug|Any CPU
		Release|Any CPU = Release|Any CPU
	EndGlobalSection
	GlobalSection(ProjectConfigurationPlatforms) = postSolution
		{0698A635-4A13-428D-BF6A-1BE304FB67BE}.Debug|Any CPU.ActiveCfg = Debug|Any CPU
		{0698A635-4A13-428D-BF6A-1BE304FB67BE}.Debug|Any CPU.Build.0 = Debug|Any CPU
		{0698A635-4A13-428D-BF6A-1BE304FB67BE}.Release|Any CPU.ActiveCfg = Release|Any CPU
		{0698A635-4A13-428D-BF6A-1BE304FB67BE}.Release|Any CPU.Build.0 = Release|Any CPU
	EndGlobalSection
	GlobalSection(SolutionProperties) = preSolution
		HideSolutionNode = FALSE
	EndGlobalSection
	GlobalSection(ExtensibilityGlobals) = postSolution
		SolutionGuid = {F7CBF028-9305-4273-B641-31EDC9C24E54}
	EndGlobalSection
EndGlobal
